
Microsoft Visual Studio Solution File, Format Version 12.00
# Visual Studio Version 16
VisualStudioVersion = 16.0.31205.134
MinimumVisualStudioVersion = 10.0.40219.1
Project("{9A19103F-16F7-4668-BE54-9A1E7A4F7556}") = "SqlClient", "SqlClient\SqlClient.csproj", "{76AEDBAA-7049-4EA5-878A-3718663550BF}"
EndProject
Project("{FAE04EC0-301F-11D3-BF4B-00C04F79EFBC}") = "DapperMicroORM", "DapperMicroORM\DapperMicroORM.csproj", "{7669DDE9-FB5B-4205-9892-8ED1E5A957B4}"
EndProject
Global
	GlobalSection(SolutionConfigurationPlatforms) = preSolution
		Debug|Any CPU = Debug|Any CPU
		Release|Any CPU = Release|Any CPU
	EndGlobalSection
	GlobalSection(ProjectConfigurationPlatforms) = postSolution
		{76AEDBAA-7049-4EA5-878A-3718663550BF}.Debug|Any CPU.ActiveCfg = Debug|Any CPU
		{76AEDBAA-7049-4EA5-878A-3718663550BF}.Debug|Any CPU.Build.0 = Debug|Any CPU
		{76AEDBAA-7049-4EA5-878A-3718663550BF}.Release|Any CPU.ActiveCfg = Release|Any CPU
		{76AEDBAA-7049-4EA5-878A-3718663550BF}.Release|Any CPU.Build.0 = Release|Any CPU
		{7669DDE9-FB5B-4205-9892-8ED1E5A957B4}.Debug|Any CPU.ActiveCfg = Debug|Any CPU
		{7669DDE9-FB5B-4205-9892-8ED1E5A957B4}.Debug|Any CPU.Build.0 = Debug|Any CPU
		{7669DDE9-FB5B-4205-9892-8ED1E5A957B4}.Release|Any CPU.ActiveCfg = Release|Any CPU
		{7669DDE9-FB5B-4205-9892-8ED1E5A957B4}.Release|Any CPU.Build.0 = Release|Any CPU
	EndGlobalSection
	GlobalSection(SolutionProperties) = preSolution
		HideSolutionNode = FALSE
	EndGlobalSection
	GlobalSection(ExtensibilityGlobals) = postSolution
		SolutionGuid = {8E36621C-C3E7-4A56-A813-CFB80A7EBD0A}
	EndGlobalSection
EndGlobal
